schema: '2.0'
stages:
  data_collection:
    cmd: python src/data/data_collection.py
    deps:
    - path: src/data/data_collection.py
      hash: md5
      md5: eb77e8a7f642ee42b918132e1482f0b5
      size: 2215
    params:
      params.yaml:
        data_collection.test_size: 0.2
    outs:
    - path: data/raw
      hash: md5
      md5: c0c2d65c14a603e91e029fda3c344a5c.dir
      size: 522262
      nfiles: 2
  data_pre_processing:
    cmd: python src/data/data_prep.py
    deps:
    - path: data/raw
      hash: md5
      md5: c0c2d65c14a603e91e029fda3c344a5c.dir
      size: 522262
      nfiles: 2
    - path: src/data/data_prep.py
      hash: md5
      md5: 2629c50299b5bfca0049d54437c1dfb5
      size: 1896
    outs:
    - path: data/processed
      hash: md5
      md5: 09d7d1468d5c1e6739769af7e3154438.dir
      size: 546137
      nfiles: 2
  model_building:
    cmd: python src/model/model_building.py
    deps:
    - path: data/processed
      hash: md5
      md5: 09d7d1468d5c1e6739769af7e3154438.dir
      size: 546137
      nfiles: 2
    - path: src/model/model_building.py
      hash: md5
      md5: a64f8d0e630834e2c6312670be61948b
      size: 2667
    params:
      params.yaml:
        model_building.n_estimators: 400
    outs:
    - path: models/model.pkl
      hash: md5
      md5: 23dd74a3119cc57f125be915a5f0bbe6
      size: 29381668
  model_evaluation:
    cmd: python src/model/model_eval.py
    deps:
    - path: models/model.pkl
      hash: md5
      md5: 23dd74a3119cc57f125be915a5f0bbe6
      size: 29381668
    - path: src/model/model_eval.py
      hash: md5
      md5: 5d067f4682109b886b864bbd834392b2
      size: 2608
    outs:
    - path: reports/metrics.json
      hash: md5
      md5: 4cd064331e5e64f2a69b4509fd0cb86d
      size: 156
